
Microsoft Visual Studio Solution File, Format Version 12.00
# Visual Studio Version 16
VisualStudioVersion = 16.0.30503.244
MinimumVisualStudioVersion = 10.0.40219.1
Project("{FAE04EC0-301F-11D3-BF4B-00C04F79EFBC}") = "Racebaan", "Racebaan.csproj", "{F00E28B4-BECA-4BF1-92D9-AAF764D3A27B}"
	ProjectSection(ProjectDependencies) = postProject
		{E06B828D-18DC-44C4-B2F6-5A29DD303FB8} = {E06B828D-18DC-44C4-B2F6-5A29DD303FB8}
		{BB158DCB-01DF-4C5C-8751-0F1E9EB58D12} = {BB158DCB-01DF-4C5C-8751-0F1E9EB58D12}
	EndProjectSection
EndProject
Project("{FAE04EC0-301F-11D3-BF4B-00C04F79EFBC}") = "Controller", "..\Controller\Controller.csproj", "{E06B828D-18DC-44C4-B2F6-5A29DD303FB8}"
EndProject
Project("{FAE04EC0-301F-11D3-BF4B-00C04F79EFBC}") = "Model", "..\Model\Model.csproj", "{BB158DCB-01DF-4C5C-8751-0F1E9EB58D12}"
EndProject
Project("{FAE04EC0-301F-11D3-BF4B-00C04F79EFBC}") = "ControllerTest", "..\ControllerTest\ControllerTest.csproj", "{6BA2333A-88A9-4AB3-B8C5-9FB119D964B5}"
	ProjectSection(ProjectDependencies) = postProject
		{E06B828D-18DC-44C4-B2F6-5A29DD303FB8} = {E06B828D-18DC-44C4-B2F6-5A29DD303FB8}
	EndProjectSection
EndProject
Global
	GlobalSection(SolutionConfigurationPlatforms) = preSolution
		Debug|Any CPU = Debug|Any CPU
		Release|Any CPU = Release|Any CPU
	EndGlobalSection
	GlobalSection(ProjectConfigurationPlatforms) = postSolution
		{F00E28B4-BECA-4BF1-92D9-AAF764D3A27B}.Debug|Any CPU.ActiveCfg = Debug|Any CPU
		{F00E28B4-BECA-4BF1-92D9-AAF764D3A27B}.Debug|Any CPU.Build.0 = Debug|Any CPU
		{F00E28B4-BECA-4BF1-92D9-AAF764D3A27B}.Release|Any CPU.ActiveCfg = Release|Any CPU
		{F00E28B4-BECA-4BF1-92D9-AAF764D3A27B}.Release|Any CPU.Build.0 = Release|Any CPU
		{E06B828D-18DC-44C4-B2F6-5A29DD303FB8}.Debug|Any CPU.ActiveCfg = Debug|Any CPU
		{E06B828D-18DC-44C4-B2F6-5A29DD303FB8}.Debug|Any CPU.Build.0 = Debug|Any CPU
		{E06B828D-18DC-44C4-B2F6-5A29DD303FB8}.Release|Any CPU.ActiveCfg = Release|Any CPU
		{E06B828D-18DC-44C4-B2F6-5A29DD303FB8}.Release|Any CPU.Build.0 = Release|Any CPU
		{BB158DCB-01DF-4C5C-8751-0F1E9EB58D12}.Debug|Any CPU.ActiveCfg = Debug|Any CPU
		{BB158DCB-01DF-4C5C-8751-0F1E9EB58D12}.Debug|Any CPU.Build.0 = Debug|Any CPU
		{BB158DCB-01DF-4C5C-8751-0F1E9EB58D12}.Release|Any CPU.ActiveCfg = Release|Any CPU
		{BB158DCB-01DF-4C5C-8751-0F1E9EB58D12}.Release|Any CPU.Build.0 = Release|Any CPU
		{6BA2333A-88A9-4AB3-B8C5-9FB119D964B5}.Debug|Any CPU.ActiveCfg = Debug|Any CPU
		{6BA2333A-88A9-4AB3-B8C5-9FB119D964B5}.Debug|Any CPU.Build.0 = Debug|Any CPU
		{6BA2333A-88A9-4AB3-B8C5-9FB119D964B5}.Release|Any CPU.ActiveCfg = Release|Any CPU
		{6BA2333A-88A9-4AB3-B8C5-9FB119D964B5}.Release|Any CPU.Build.0 = Release|Any CPU
	EndGlobalSection
	GlobalSection(SolutionProperties) = preSolution
		HideSolutionNode = FALSE
	EndGlobalSection
	GlobalSection(ExtensibilityGlobals) = postSolution
		SolutionGuid = {FFA2F9CA-7D52-408B-AAEF-18D50017190D}
	EndGlobalSection
EndGlobal
