
Microsoft Visual Studio Solution File, Format Version 12.00
# Visual Studio Version 16
VisualStudioVersion = 16.0.30503.244
MinimumVisualStudioVersion = 10.0.40219.1
Project("{9A19103F-16F7-4668-BE54-9A1E7A4F7556}") = "Racebaan", "Racebaan.csproj", "{F00E28B4-BECA-4BF1-92D9-AAF764D3A27B}"
EndProject
Project("{9A19103F-16F7-4668-BE54-9A1E7A4F7556}") = "Controller", "Controller\Controller.csproj", "{AC0D1552-76E9-469D-A989-124311077FAC}"
EndProject
Project("{9A19103F-16F7-4668-BE54-9A1E7A4F7556}") = "ControllerTest", "ControllerTest\ControllerTest.csproj", "{09EF120C-F318-41D8-933C-D62ED271D708}"
EndProject
Project("{9A19103F-16F7-4668-BE54-9A1E7A4F7556}") = "Model", "Model\Model.csproj", "{FAD3CCC0-54EF-452F-AB3D-DE8B374E8E5E}"
EndProject
Global
	GlobalSection(SolutionConfigurationPlatforms) = preSolution
		Debug|Any CPU = Debug|Any CPU
		Release|Any CPU = Release|Any CPU
	EndGlobalSection
	GlobalSection(ProjectConfigurationPlatforms) = postSolution
		{F00E28B4-BECA-4BF1-92D9-AAF764D3A27B}.Debug|Any CPU.ActiveCfg = Debug|Any CPU
		{F00E28B4-BECA-4BF1-92D9-AAF764D3A27B}.Debug|Any CPU.Build.0 = Debug|Any CPU
		{F00E28B4-BECA-4BF1-92D9-AAF764D3A27B}.Release|Any CPU.ActiveCfg = Release|Any CPU
		{F00E28B4-BECA-4BF1-92D9-AAF764D3A27B}.Release|Any CPU.Build.0 = Release|Any CPU
		{AC0D1552-76E9-469D-A989-124311077FAC}.Debug|Any CPU.ActiveCfg = Debug|Any CPU
		{AC0D1552-76E9-469D-A989-124311077FAC}.Debug|Any CPU.Build.0 = Debug|Any CPU
		{AC0D1552-76E9-469D-A989-124311077FAC}.Release|Any CPU.ActiveCfg = Release|Any CPU
		{AC0D1552-76E9-469D-A989-124311077FAC}.Release|Any CPU.Build.0 = Release|Any CPU
		{09EF120C-F318-41D8-933C-D62ED271D708}.Debug|Any CPU.ActiveCfg = Debug|Any CPU
		{09EF120C-F318-41D8-933C-D62ED271D708}.Debug|Any CPU.Build.0 = Debug|Any CPU
		{09EF120C-F318-41D8-933C-D62ED271D708}.Release|Any CPU.ActiveCfg = Release|Any CPU
		{09EF120C-F318-41D8-933C-D62ED271D708}.Release|Any CPU.Build.0 = Release|Any CPU
		{FAD3CCC0-54EF-452F-AB3D-DE8B374E8E5E}.Debug|Any CPU.ActiveCfg = Debug|Any CPU
		{FAD3CCC0-54EF-452F-AB3D-DE8B374E8E5E}.Debug|Any CPU.Build.0 = Debug|Any CPU
		{FAD3CCC0-54EF-452F-AB3D-DE8B374E8E5E}.Release|Any CPU.ActiveCfg = Release|Any CPU
		{FAD3CCC0-54EF-452F-AB3D-DE8B374E8E5E}.Release|Any CPU.Build.0 = Release|Any CPU
	EndGlobalSection
	GlobalSection(SolutionProperties) = preSolution
		HideSolutionNode = FALSE
	EndGlobalSection
	GlobalSection(ExtensibilityGlobals) = postSolution
		SolutionGuid = {FFA2F9CA-7D52-408B-AAEF-18D50017190D}
	EndGlobalSection
EndGlobal
